// !$*UTF8*$!
{
	archiveVersion = 1;
	classes = {
	};
	objectVersion = 56;
	objects = {

/* Begin PBXBuildFile section */
		0B32AFF42A92363500D2C642 /* TypeOfData.swift in Sources */ = {isa = PBXBuildFile; fileRef = 0B32AFF32A92363400D2C642 /* TypeOfData.swift */; };
		0B32AFF62A9236F900D2C642 /* Algorithm.swift in Sources */ = {isa = PBXBuildFile; fileRef = 0B32AFF52A9236F900D2C642 /* Algorithm.swift */; };
		0B32AFF82A923C2C00D2C642 /* ButtonType.swift in Sources */ = {isa = PBXBuildFile; fileRef = 0B32AFF72A923C2C00D2C642 /* ButtonType.swift */; };
		0B32AFFA2A923CDF00D2C642 /* ButtonView.swift in Sources */ = {isa = PBXBuildFile; fileRef = 0B32AFF92A923CDF00D2C642 /* ButtonView.swift */; };
		0B32AFFC2A9270A000D2C642 /* KalmanFilter.swift in Sources */ = {isa = PBXBuildFile; fileRef = 0B32AFFB2A9270A000D2C642 /* KalmanFilter.swift */; };
		0BB212192A92210C0050197C /* FileErrors.swift in Sources */ = {isa = PBXBuildFile; fileRef = 0BB212182A92210C0050197C /* FileErrors.swift */; };
		0BB2121C2A922CEA0050197C /* ModalScreen.swift in Sources */ = {isa = PBXBuildFile; fileRef = 0BB2121B2A922CE90050197C /* ModalScreen.swift */; };
		0BB212202A922D9B0050197C /* TrackingFiles.swift in Sources */ = {isa = PBXBuildFile; fileRef = 0BB2121F2A922D9B0050197C /* TrackingFiles.swift */; };
		84C3A2A62A8DE2120055AFB6 /* Tracking_App.swift in Sources */ = {isa = PBXBuildFile; fileRef = 84C3A2A52A8DE2120055AFB6 /* Tracking_App.swift */; };
		84C3A2A82A8DE2120055AFB6 /* MainScreen.swift in Sources */ = {isa = PBXBuildFile; fileRef = 84C3A2A72A8DE2120055AFB6 /* MainScreen.swift */; };
		84C3A2AA2A8DE2130055AFB6 /* Assets.xcassets in Resources */ = {isa = PBXBuildFile; fileRef = 84C3A2A92A8DE2130055AFB6 /* Assets.xcassets */; };
		84C3A2AD2A8DE2130055AFB6 /* Preview Assets.xcassets in Resources */ = {isa = PBXBuildFile; fileRef = 84C3A2AC2A8DE2130055AFB6 /* Preview Assets.xcassets */; };
		84C3A2B52A8DE2390055AFB6 /* MapViewRepresentable.swift in Sources */ = {isa = PBXBuildFile; fileRef = 84C3A2B42A8DE2390055AFB6 /* MapViewRepresentable.swift */; };
		84C3A2B82A8DE4BD0055AFB6 /* LocationManager.swift in Sources */ = {isa = PBXBuildFile; fileRef = 84C3A2B72A8DE4BD0055AFB6 /* LocationManager.swift */; };
		84C3A2BB2A8DE8D50055AFB6 /* TrackingDataDecoder.swift in Sources */ = {isa = PBXBuildFile; fileRef = 84C3A2BA2A8DE8D50055AFB6 /* TrackingDataDecoder.swift */; };
		84C3A2BE2A8DE8F80055AFB6 /* TrackingSegment.swift in Sources */ = {isa = PBXBuildFile; fileRef = 84C3A2BD2A8DE8F80055AFB6 /* TrackingSegment.swift */; };
		84C3A2C12A8DE9600055AFB6 /* track_sample.json in Resources */ = {isa = PBXBuildFile; fileRef = 84C3A2C02A8DE9600055AFB6 /* track_sample.json */; };
		84C3A2C32A8DE9C10055AFB6 /* TrackingData.swift in Sources */ = {isa = PBXBuildFile; fileRef = 84C3A2C22A8DE9C10055AFB6 /* TrackingData.swift */; };
		84C3A2C52A8DEA680055AFB6 /* TrackingPoint.swift in Sources */ = {isa = PBXBuildFile; fileRef = 84C3A2C42A8DEA680055AFB6 /* TrackingPoint.swift */; };
/* End PBXBuildFile section */

/* Begin PBXFileReference section */
		0B32AFF32A92363400D2C642 /* TypeOfData.swift */ = {isa = PBXFileReference; lastKnownFileType = sourcecode.swift; path = TypeOfData.swift; sourceTree = "<group>"; };
		0B32AFF52A9236F900D2C642 /* Algorithm.swift */ = {isa = PBXFileReference; lastKnownFileType = sourcecode.swift; path = Algorithm.swift; sourceTree = "<group>"; };
		0B32AFF72A923C2C00D2C642 /* ButtonType.swift */ = {isa = PBXFileReference; lastKnownFileType = sourcecode.swift; path = ButtonType.swift; sourceTree = "<group>"; };
		0B32AFF92A923CDF00D2C642 /* ButtonView.swift */ = {isa = PBXFileReference; lastKnownFileType = sourcecode.swift; path = ButtonView.swift; sourceTree = "<group>"; };
		0B32AFFB2A9270A000D2C642 /* KalmanFilter.swift */ = {isa = PBXFileReference; lastKnownFileType = sourcecode.swift; path = KalmanFilter.swift; sourceTree = "<group>"; };
		0BB212182A92210C0050197C /* FileErrors.swift */ = {isa = PBXFileReference; lastKnownFileType = sourcecode.swift; path = FileErrors.swift; sourceTree = "<group>"; };
		0BB2121B2A922CE90050197C /* ModalScreen.swift */ = {isa = PBXFileReference; lastKnownFileType = sourcecode.swift; path = ModalScreen.swift; sourceTree = "<group>"; };
		0BB2121F2A922D9B0050197C /* TrackingFiles.swift */ = {isa = PBXFileReference; lastKnownFileType = sourcecode.swift; path = TrackingFiles.swift; sourceTree = "<group>"; };
		84C3A2A22A8DE2120055AFB6 /* Tracking_App.app */ = {isa = PBXFileReference; explicitFileType = wrapper.application; includeInIndex = 0; path = Tracking_App.app; sourceTree = BUILT_PRODUCTS_DIR; };
		84C3A2A52A8DE2120055AFB6 /* Tracking_App.swift */ = {isa = PBXFileReference; lastKnownFileType = sourcecode.swift; path = Tracking_App.swift; sourceTree = "<group>"; };
		84C3A2A72A8DE2120055AFB6 /* MainScreen.swift */ = {isa = PBXFileReference; lastKnownFileType = sourcecode.swift; path = MainScreen.swift; sourceTree = "<group>"; };
		84C3A2A92A8DE2130055AFB6 /* Assets.xcassets */ = {isa = PBXFileReference; lastKnownFileType = folder.assetcatalog; path = Assets.xcassets; sourceTree = "<group>"; };
		84C3A2AC2A8DE2130055AFB6 /* Preview Assets.xcassets */ = {isa = PBXFileReference; lastKnownFileType = folder.assetcatalog; path = "Preview Assets.xcassets"; sourceTree = "<group>"; };
		84C3A2B42A8DE2390055AFB6 /* MapViewRepresentable.swift */ = {isa = PBXFileReference; lastKnownFileType = sourcecode.swift; path = MapViewRepresentable.swift; sourceTree = "<group>"; };
		84C3A2B72A8DE4BD0055AFB6 /* LocationManager.swift */ = {isa = PBXFileReference; lastKnownFileType = sourcecode.swift; path = LocationManager.swift; sourceTree = "<group>"; };
		84C3A2BA2A8DE8D50055AFB6 /* TrackingDataDecoder.swift */ = {isa = PBXFileReference; lastKnownFileType = sourcecode.swift; path = TrackingDataDecoder.swift; sourceTree = "<group>"; };
		84C3A2BD2A8DE8F80055AFB6 /* TrackingSegment.swift */ = {isa = PBXFileReference; lastKnownFileType = sourcecode.swift; path = TrackingSegment.swift; sourceTree = "<group>"; };
		84C3A2C02A8DE9600055AFB6 /* track_sample.json */ = {isa = PBXFileReference; fileEncoding = 4; lastKnownFileType = text.json; path = track_sample.json; sourceTree = "<group>"; };
		84C3A2C22A8DE9C10055AFB6 /* TrackingData.swift */ = {isa = PBXFileReference; lastKnownFileType = sourcecode.swift; path = TrackingData.swift; sourceTree = "<group>"; };
		84C3A2C42A8DEA680055AFB6 /* TrackingPoint.swift */ = {isa = PBXFileReference; lastKnownFileType = sourcecode.swift; path = TrackingPoint.swift; sourceTree = "<group>"; };
/* End PBXFileReference section */

/* Begin PBXFrameworksBuildPhase section */
		84C3A29F2A8DE2120055AFB6 /* Frameworks */ = {
			isa = PBXFrameworksBuildPhase;
			buildActionMask = 2147483647;
			files = (
			);
			runOnlyForDeploymentPostprocessing = 0;
		};
/* End PBXFrameworksBuildPhase section */

/* Begin PBXGroup section */
		0BB212172A9220E30050197C /* Errors */ = {
			isa = PBXGroup;
			children = (
				0BB212182A92210C0050197C /* FileErrors.swift */,
			);
			path = Errors;
			sourceTree = "<group>";
		};
		0BB2121A2A9224CC0050197C /* RepresentationView */ = {
			isa = PBXGroup;
			children = (
				84C3A2B42A8DE2390055AFB6 /* MapViewRepresentable.swift */,
			);
			path = RepresentationView;
			sourceTree = "<group>";
		};
		0BB2121D2A922D640050197C /* TrackingData */ = {
			isa = PBXGroup;
			children = (
				84C3A2C22A8DE9C10055AFB6 /* TrackingData.swift */,
				84C3A2C42A8DEA680055AFB6 /* TrackingPoint.swift */,
				84C3A2BD2A8DE8F80055AFB6 /* TrackingSegment.swift */,
			);
			path = TrackingData;
			sourceTree = "<group>";
		};
		0BB2121E2A922D7F0050197C /* Enums */ = {
			isa = PBXGroup;
			children = (
				0B32AFF32A92363400D2C642 /* TypeOfData.swift */,
				0BB2121F2A922D9B0050197C /* TrackingFiles.swift */,
				0B32AFF52A9236F900D2C642 /* Algorithm.swift */,
				0B32AFF72A923C2C00D2C642 /* ButtonType.swift */,
			);
			path = Enums;
			sourceTree = "<group>";
		};
		84C3A2992A8DE2120055AFB6 = {
			isa = PBXGroup;
			children = (
				84C3A2A42A8DE2120055AFB6 /* Tracking_App */,
				84C3A2A32A8DE2120055AFB6 /* Products */,
			);
			sourceTree = "<group>";
		};
		84C3A2A32A8DE2120055AFB6 /* Products */ = {
			isa = PBXGroup;
			children = (
				84C3A2A22A8DE2120055AFB6 /* Tracking_App.app */,
			);
			name = Products;
			sourceTree = "<group>";
		};
		84C3A2A42A8DE2120055AFB6 /* Tracking_App */ = {
			isa = PBXGroup;
			children = (
				84C3A2BC2A8DE8DF0055AFB6 /* Models */,
				84C3A2B62A8DE4AD0055AFB6 /* Core */,
				84C3A2B32A8DE2250055AFB6 /* Views */,
				84C3A2BF2A8DE94B0055AFB6 /* Resources */,
				84C3A2AB2A8DE2130055AFB6 /* Preview Content */,
			);
			path = Tracking_App;
			sourceTree = "<group>";
		};
		84C3A2AB2A8DE2130055AFB6 /* Preview Content */ = {
			isa = PBXGroup;
			children = (
				84C3A2AC2A8DE2130055AFB6 /* Preview Assets.xcassets */,
			);
			path = "Preview Content";
			sourceTree = "<group>";
		};
		84C3A2B32A8DE2250055AFB6 /* Views */ = {
			isa = PBXGroup;
			children = (
				0BB2121A2A9224CC0050197C /* RepresentationView */,
				0BB2121B2A922CE90050197C /* ModalScreen.swift */,
				84C3A2A72A8DE2120055AFB6 /* MainScreen.swift */,
				84C3A2A52A8DE2120055AFB6 /* Tracking_App.swift */,
				0B32AFF92A923CDF00D2C642 /* ButtonView.swift */,
			);
			path = Views;
			sourceTree = "<group>";
		};
		84C3A2B62A8DE4AD0055AFB6 /* Core */ = {
			isa = PBXGroup;
			children = (
				0BB212172A9220E30050197C /* Errors */,
				84C3A2B92A8DE8B70055AFB6 /* Commons */,
				84C3A2B72A8DE4BD0055AFB6 /* LocationManager.swift */,
			);
			path = Core;
			sourceTree = "<group>";
		};
		84C3A2B92A8DE8B70055AFB6 /* Commons */ = {
			isa = PBXGroup;
			children = (
				84C3A2BA2A8DE8D50055AFB6 /* TrackingDataDecoder.swift */,
				0B32AFFB2A9270A000D2C642 /* KalmanFilter.swift */,
			);
			path = Commons;
			sourceTree = "<group>";
		};
		84C3A2BC2A8DE8DF0055AFB6 /* Models */ = {
			isa = PBXGroup;
			children = (
				0BB2121E2A922D7F0050197C /* Enums */,
				0BB2121D2A922D640050197C /* TrackingData */,
			);
			path = Models;
			sourceTree = "<group>";
		};
		84C3A2BF2A8DE94B0055AFB6 /* Resources */ = {
			isa = PBXGroup;
			children = (
				84C3A2C02A8DE9600055AFB6 /* track_sample.json */,
				84C3A2A92A8DE2130055AFB6 /* Assets.xcassets */,
			);
			path = Resources;
			sourceTree = "<group>";
		};
/* End PBXGroup section */

/* Begin PBXNativeTarget section */
		84C3A2A12A8DE2120055AFB6 /* Tracking_App */ = {
			isa = PBXNativeTarget;
			buildConfigurationList = 84C3A2B02A8DE2130055AFB6 /* Build configuration list for PBXNativeTarget "Tracking_App" */;
			buildPhases = (
				84C3A29E2A8DE2120055AFB6 /* Sources */,
				84C3A29F2A8DE2120055AFB6 /* Frameworks */,
				84C3A2A02A8DE2120055AFB6 /* Resources */,
			);
			buildRules = (
			);
			dependencies = (
			);
			name = Tracking_App;
			productName = Tracking_App;
			productReference = 84C3A2A22A8DE2120055AFB6 /* Tracking_App.app */;
			productType = "com.apple.product-type.application";
		};
/* End PBXNativeTarget section */

/* Begin PBXProject section */
		84C3A29A2A8DE2120055AFB6 /* Project object */ = {
			isa = PBXProject;
			attributes = {
				BuildIndependentTargetsInParallel = 1;
				LastSwiftUpdateCheck = 1430;
				LastUpgradeCheck = 1430;
				TargetAttributes = {
					84C3A2A12A8DE2120055AFB6 = {
						CreatedOnToolsVersion = 14.3.1;
					};
				};
			};
			buildConfigurationList = 84C3A29D2A8DE2120055AFB6 /* Build configuration list for PBXProject "Tracking_App" */;
			compatibilityVersion = "Xcode 14.0";
			developmentRegion = en;
			hasScannedForEncodings = 0;
			knownRegions = (
				en,
				Base,
			);
			mainGroup = 84C3A2992A8DE2120055AFB6;
			productRefGroup = 84C3A2A32A8DE2120055AFB6 /* Products */;
			projectDirPath = "";
			projectRoot = "";
			targets = (
				84C3A2A12A8DE2120055AFB6 /* Tracking_App */,
			);
		};
/* End PBXProject section */

/* Begin PBXResourcesBuildPhase section */
		84C3A2A02A8DE2120055AFB6 /* Resources */ = {
			isa = PBXResourcesBuildPhase;
			buildActionMask = 2147483647;
			files = (
				84C3A2C12A8DE9600055AFB6 /* track_sample.json in Resources */,
				84C3A2AD2A8DE2130055AFB6 /* Preview Assets.xcassets in Resources */,
				84C3A2AA2A8DE2130055AFB6 /* Assets.xcassets in Resources */,
			);
			runOnlyForDeploymentPostprocessing = 0;
		};
/* End PBXResourcesBuildPhase section */

/* Begin PBXSourcesBuildPhase section */
		84C3A29E2A8DE2120055AFB6 /* Sources */ = {
			isa = PBXSourcesBuildPhase;
			buildActionMask = 2147483647;
			files = (
				84C3A2C32A8DE9C10055AFB6 /* TrackingData.swift in Sources */,
				0B32AFF82A923C2C00D2C642 /* ButtonType.swift in Sources */,
				0B32AFFA2A923CDF00D2C642 /* ButtonView.swift in Sources */,
				0BB2121C2A922CEA0050197C /* ModalScreen.swift in Sources */,
				84C3A2BE2A8DE8F80055AFB6 /* TrackingSegment.swift in Sources */,
				84C3A2B82A8DE4BD0055AFB6 /* LocationManager.swift in Sources */,
				84C3A2C52A8DEA680055AFB6 /* TrackingPoint.swift in Sources */,
				0B32AFFC2A9270A000D2C642 /* KalmanFilter.swift in Sources */,
				0BB212192A92210C0050197C /* FileErrors.swift in Sources */,
				0BB212202A922D9B0050197C /* TrackingFiles.swift in Sources */,
				84C3A2A82A8DE2120055AFB6 /* MainScreen.swift in Sources */,
				0B32AFF42A92363500D2C642 /* TypeOfData.swift in Sources */,
				84C3A2BB2A8DE8D50055AFB6 /* TrackingDataDecoder.swift in Sources */,
				0B32AFF62A9236F900D2C642 /* Algorithm.swift in Sources */,
				84C3A2A62A8DE2120055AFB6 /* Tracking_App.swift in Sources */,
				84C3A2B52A8DE2390055AFB6 /* MapViewRepresentable.swift in Sources */,
			);
			runOnlyForDeploymentPostprocessing = 0;
		};
/* End PBXSourcesBuildPhase section */

/* Begin XCBuildConfiguration section */
		84C3A2AE2A8DE2130055AFB6 /* Debug */ = {
			isa = XCBuildConfiguration;
			buildSettings = {
				ALWAYS_SEARCH_USER_PATHS = NO;
				CLANG_ANALYZER_NONNULL = YES;
				CLANG_ANALYZER_NUMBER_OBJECT_CONVERSION = YES_AGGRESSIVE;
				CLANG_CXX_LANGUAGE_STANDARD = "gnu++20";
				CLANG_ENABLE_MODULES = YES;
				CLANG_ENABLE_OBJC_ARC = YES;
				CLANG_ENABLE_OBJC_WEAK = YES;
				CLANG_WARN_BLOCK_CAPTURE_AUTORELEASING = YES;
				CLANG_WARN_BOOL_CONVERSION = YES;
				CLANG_WARN_COMMA = YES;
				CLANG_WARN_CONSTANT_CONVERSION = YES;
				CLANG_WARN_DEPRECATED_OBJC_IMPLEMENTATIONS = YES;
				CLANG_WARN_DIRECT_OBJC_ISA_USAGE = YES_ERROR;
				CLANG_WARN_DOCUMENTATION_COMMENTS = YES;
				CLANG_WARN_EMPTY_BODY = YES;
				CLANG_WARN_ENUM_CONVERSION = YES;
				CLANG_WARN_INFINITE_RECURSION = YES;
				CLANG_WARN_INT_CONVERSION = YES;
				CLANG_WARN_NON_LITERAL_NULL_CONVERSION = YES;
				CLANG_WARN_OBJC_IMPLICIT_RETAIN_SELF = YES;
				CLANG_WARN_OBJC_LITERAL_CONVERSION = YES;
				CLANG_WARN_OBJC_ROOT_CLASS = YES_ERROR;
				CLANG_WARN_QUOTED_INCLUDE_IN_FRAMEWORK_HEADER = YES;
				CLANG_WARN_RANGE_LOOP_ANALYSIS = YES;
				CLANG_WARN_STRICT_PROTOTYPES = YES;
				CLANG_WARN_SUSPICIOUS_MOVE = YES;
				CLANG_WARN_UNGUARDED_AVAILABILITY = YES_AGGRESSIVE;
				CLANG_WARN_UNREACHABLE_CODE = YES;
				CLANG_WARN__DUPLICATE_METHOD_MATCH = YES;
				COPY_PHASE_STRIP = NO;
				DEBUG_INFORMATION_FORMAT = dwarf;
				ENABLE_STRICT_OBJC_MSGSEND = YES;
				ENABLE_TESTABILITY = YES;
				GCC_C_LANGUAGE_STANDARD = gnu11;
				GCC_DYNAMIC_NO_PIC = NO;
				GCC_NO_COMMON_BLOCKS = YES;
				GCC_OPTIMIZATION_LEVEL = 0;
				GCC_PREPROCESSOR_DEFINITIONS = (
					"DEBUG=1",
					"$(inherited)",
				);
				GCC_WARN_64_TO_32_BIT_CONVERSION = YES;
				GCC_WARN_ABOUT_RETURN_TYPE = YES_ERROR;
				GCC_WARN_UNDECLARED_SELECTOR = YES;
				GCC_WARN_UNINITIALIZED_AUTOS = YES_AGGRESSIVE;
				GCC_WARN_UNUSED_FUNCTION = YES;
				GCC_WARN_UNUSED_VARIABLE = YES;
				IPHONEOS_DEPLOYMENT_TARGET = 16.4;
				MTL_ENABLE_DEBUG_INFO = INCLUDE_SOURCE;
				MTL_FAST_MATH = YES;
				ONLY_ACTIVE_ARCH = YES;
				SDKROOT = iphoneos;
				SWIFT_ACTIVE_COMPILATION_CONDITIONS = DEBUG;
				SWIFT_OPTIMIZATION_LEVEL = "-Onone";
			};
			name = Debug;
		};
		84C3A2AF2A8DE2130055AFB6 /* Release */ = {
			isa = XCBuildConfiguration;
			buildSettings = {
				ALWAYS_SEARCH_USER_PATHS = NO;
				CLANG_ANALYZER_NONNULL = YES;
				CLANG_ANALYZER_NUMBER_OBJECT_CONVERSION = YES_AGGRESSIVE;
				CLANG_CXX_LANGUAGE_STANDARD = "gnu++20";
				CLANG_ENABLE_MODULES = YES;
				CLANG_ENABLE_OBJC_ARC = YES;
				CLANG_ENABLE_OBJC_WEAK = YES;
				CLANG_WARN_BLOCK_CAPTURE_AUTORELEASING = YES;
				CLANG_WARN_BOOL_CONVERSION = YES;
				CLANG_WARN_COMMA = YES;
				CLANG_WARN_CONSTANT_CONVERSION = YES;
				CLANG_WARN_DEPRECATED_OBJC_IMPLEMENTATIONS = YES;
				CLANG_WARN_DIRECT_OBJC_ISA_USAGE = YES_ERROR;
				CLANG_WARN_DOCUMENTATION_COMMENTS = YES;
				CLANG_WARN_EMPTY_BODY = YES;
				CLANG_WARN_ENUM_CONVERSION = YES;
				CLANG_WARN_INFINITE_RECURSION = YES;
				CLANG_WARN_INT_CONVERSION = YES;
				CLANG_WARN_NON_LITERAL_NULL_CONVERSION = YES;
				CLANG_WARN_OBJC_IMPLICIT_RETAIN_SELF = YES;
				CLANG_WARN_OBJC_LITERAL_CONVERSION = YES;
				CLANG_WARN_OBJC_ROOT_CLASS = YES_ERROR;
				CLANG_WARN_QUOTED_INCLUDE_IN_FRAMEWORK_HEADER = YES;
				CLANG_WARN_RANGE_LOOP_ANALYSIS = YES;
				CLANG_WARN_STRICT_PROTOTYPES = YES;
				CLANG_WARN_SUSPICIOUS_MOVE = YES;
				CLANG_WARN_UNGUARDED_AVAILABILITY = YES_AGGRESSIVE;
				CLANG_WARN_UNREACHABLE_CODE = YES;
				CLANG_WARN__DUPLICATE_METHOD_MATCH = YES;
				COPY_PHASE_STRIP = NO;
				DEBUG_INFORMATION_FORMAT = "dwarf-with-dsym";
				ENABLE_NS_ASSERTIONS = NO;
				ENABLE_STRICT_OBJC_MSGSEND = YES;
				GCC_C_LANGUAGE_STANDARD = gnu11;
				GCC_NO_COMMON_BLOCKS = YES;
				GCC_WARN_64_TO_32_BIT_CONVERSION = YES;
				GCC_WARN_ABOUT_RETURN_TYPE = YES_ERROR;
				GCC_WARN_UNDECLARED_SELECTOR = YES;
				GCC_WARN_UNINITIALIZED_AUTOS = YES_AGGRESSIVE;
				GCC_WARN_UNUSED_FUNCTION = YES;
				GCC_WARN_UNUSED_VARIABLE = YES;
				IPHONEOS_DEPLOYMENT_TARGET = 16.4;
				MTL_ENABLE_DEBUG_INFO = NO;
				MTL_FAST_MATH = YES;
				SDKROOT = iphoneos;
				SWIFT_COMPILATION_MODE = wholemodule;
				SWIFT_OPTIMIZATION_LEVEL = "-O";
				VALIDATE_PRODUCT = YES;
			};
			name = Release;
		};
		84C3A2B12A8DE2130055AFB6 /* Debug */ = {
			isa = XCBuildConfiguration;
			buildSettings = {
				ASSETCATALOG_COMPILER_APPICON_NAME = AppIcon;
				ASSETCATALOG_COMPILER_GLOBAL_ACCENT_COLOR_NAME = AccentColor;
				CODE_SIGN_STYLE = Automatic;
				CURRENT_PROJECT_VERSION = 1;
				DEVELOPMENT_ASSET_PATHS = "\"Tracking_App/Preview Content\"";
				DEVELOPMENT_TEAM = W7V846WLMV;
				ENABLE_PREVIEWS = YES;
				GENERATE_INFOPLIST_FILE = YES;
				INFOPLIST_KEY_NSLocationWhenInUseUsageDescription = "Please press to give access to your location";
				INFOPLIST_KEY_UIApplicationSceneManifest_Generation = YES;
				INFOPLIST_KEY_UIApplicationSupportsIndirectInputEvents = YES;
				INFOPLIST_KEY_UILaunchScreen_Generation = YES;
				INFOPLIST_KEY_UISupportedInterfaceOrientations_iPad = "UIInterfaceOrientationPortrait UIInterfaceOrientationPortraitUpsideDown UIInterfaceOrientationLandscapeLeft UIInterfaceOrientationLandscapeRight";
				INFOPLIST_KEY_UISupportedInterfaceOrientations_iPhone = "UIInterfaceOrientationPortrait UIInterfaceOrientationLandscapeLeft UIInterfaceOrientationLandscapeRight";
				INFOPLIST_KEY_UIUserInterfaceStyle = Light;
				LD_RUNPATH_SEARCH_PATHS = (
					"$(inherited)",
					"@executable_path/Frameworks",
				);
				MARKETING_VERSION = 1.0;
				PRODUCT_BUNDLE_IDENTIFIER = "com.nik-gribok.Tracking-App";
				PRODUCT_NAME = "$(TARGET_NAME)";
				SWIFT_EMIT_LOC_STRINGS = YES;
				SWIFT_VERSION = 5.0;
				TARGETED_DEVICE_FAMILY = "1,2";
			};
			name = Debug;
		};
		84C3A2B22A8DE2130055AFB6 /* Release */ = {
			isa = XCBuildConfiguration;
			buildSettings = {
				ASSETCATALOG_COMPILER_APPICON_NAME = AppIcon;
				ASSETCATALOG_COMPILER_GLOBAL_ACCENT_COLOR_NAME = AccentColor;
				CODE_SIGN_STYLE = Automatic;
				CURRENT_PROJECT_VERSION = 1;
				DEVELOPMENT_ASSET_PATHS = "\"Tracking_App/Preview Content\"";
				DEVELOPMENT_TEAM = W7V846WLMV;
				ENABLE_PREVIEWS = YES;
				GENERATE_INFOPLIST_FILE = YES;
				INFOPLIST_KEY_NSLocationWhenInUseUsageDescription = "Please press to give access to your location";
				INFOPLIST_KEY_UIApplicationSceneManifest_Generation = YES;
				INFOPLIST_KEY_UIApplicationSupportsIndirectInputEvents = YES;
				INFOPLIST_KEY_UILaunchScreen_Generation = YES;
				INFOPLIST_KEY_UISupportedInterfaceOrientations_iPad = "UIInterfaceOrientationPortrait UIInterfaceOrientationPortraitUpsideDown UIInterfaceOrientationLandscapeLeft UIInterfaceOrientationLandscapeRight";
				INFOPLIST_KEY_UISupportedInterfaceOrientations_iPhone = "UIInterfaceOrientationPortrait UIInterfaceOrientationLandscapeLeft UIInterfaceOrientationLandscapeRight";
				INFOPLIST_KEY_UIUserInterfaceStyle = Light;
				LD_RUNPATH_SEARCH_PATHS = (
					"$(inherited)",
					"@executable_path/Frameworks",
				);
				MARKETING_VERSION = 1.0;
				PRODUCT_BUNDLE_IDENTIFIER = "com.nik-gribok.Tracking-App";
				PRODUCT_NAME = "$(TARGET_NAME)";
				SWIFT_EMIT_LOC_STRINGS = YES;
				SWIFT_VERSION = 5.0;
				TARGETED_DEVICE_FAMILY = "1,2";
			};
			name = Release;
		};
/* End XCBuildConfiguration section */

/* Begin XCConfigurationList section */
		84C3A29D2A8DE2120055AFB6 /* Build configuration list for PBXProject "Tracking_App" */ = {
			isa = XCConfigurationList;
			buildConfigurations = (
				84C3A2AE2A8DE2130055AFB6 /* Debug */,
				84C3A2AF2A8DE2130055AFB6 /* Release */,
			);
			defaultConfigurationIsVisible = 0;
			defaultConfigurationName = Release;
		};
		84C3A2B02A8DE2130055AFB6 /* Build configuration list for PBXNativeTarget "Tracking_App" */ = {
			isa = XCConfigurationList;
			buildConfigurations = (
				84C3A2B12A8DE2130055AFB6 /* Debug */,
				84C3A2B22A8DE2130055AFB6 /* Release */,
			);
			defaultConfigurationIsVisible = 0;
			defaultConfigurationName = Release;
		};
/* End XCConfigurationList section */
	};
	rootObject = 84C3A29A2A8DE2120055AFB6 /* Project object */;
}
